
Microsoft Visual Studio Solution File, Format Version 12.00
# Visual Studio Version 17
VisualStudioVersion = 17.4.33213.308
MinimumVisualStudioVersion = 10.0.40219.1
Project("{FAE04EC0-301F-11D3-BF4B-00C04F79EFBC}") = "SistemaFinanceiro", "SistemaFinanceiro.csproj", "{A54EFFE7-3D00-4F58-91BF-D2CF5FCAE9E4}"
EndProject
Project("{FAE04EC0-301F-11D3-BF4B-00C04F79EFBC}") = "Db", "..\Db\Db.csproj", "{28B6CFFF-BC2F-400E-BF36-B6D7DC3C8795}"
EndProject
Project("{FAE04EC0-301F-11D3-BF4B-00C04F79EFBC}") = "Modelo", "..\Modelo\Modelo.csproj", "{29598BC8-A1B7-4472-B284-F27A51939C64}"
EndProject
Project("{FAE04EC0-301F-11D3-BF4B-00C04F79EFBC}") = "Persistencia", "..\Persistencia\Persistencia.csproj", "{27FC4DEC-DDAB-451C-BBE3-3DEF20E72DF6}"
EndProject
Global
	GlobalSection(SolutionConfigurationPlatforms) = preSolution
		Debug|Any CPU = Debug|Any CPU
		Release|Any CPU = Release|Any CPU
	EndGlobalSection
	GlobalSection(ProjectConfigurationPlatforms) = postSolution
		{A54EFFE7-3D00-4F58-91BF-D2CF5FCAE9E4}.Debug|Any CPU.ActiveCfg = Debug|Any CPU
		{A54EFFE7-3D00-4F58-91BF-D2CF5FCAE9E4}.Debug|Any CPU.Build.0 = Debug|Any CPU
		{A54EFFE7-3D00-4F58-91BF-D2CF5FCAE9E4}.Release|Any CPU.ActiveCfg = Release|Any CPU
		{A54EFFE7-3D00-4F58-91BF-D2CF5FCAE9E4}.Release|Any CPU.Build.0 = Release|Any CPU
		{28B6CFFF-BC2F-400E-BF36-B6D7DC3C8795}.Debug|Any CPU.ActiveCfg = Debug|Any CPU
		{28B6CFFF-BC2F-400E-BF36-B6D7DC3C8795}.Debug|Any CPU.Build.0 = Debug|Any CPU
		{28B6CFFF-BC2F-400E-BF36-B6D7DC3C8795}.Release|Any CPU.ActiveCfg = Release|Any CPU
		{28B6CFFF-BC2F-400E-BF36-B6D7DC3C8795}.Release|Any CPU.Build.0 = Release|Any CPU
		{29598BC8-A1B7-4472-B284-F27A51939C64}.Debug|Any CPU.ActiveCfg = Debug|Any CPU
		{29598BC8-A1B7-4472-B284-F27A51939C64}.Debug|Any CPU.Build.0 = Debug|Any CPU
		{29598BC8-A1B7-4472-B284-F27A51939C64}.Release|Any CPU.ActiveCfg = Release|Any CPU
		{29598BC8-A1B7-4472-B284-F27A51939C64}.Release|Any CPU.Build.0 = Release|Any CPU
		{27FC4DEC-DDAB-451C-BBE3-3DEF20E72DF6}.Debug|Any CPU.ActiveCfg = Debug|Any CPU
		{27FC4DEC-DDAB-451C-BBE3-3DEF20E72DF6}.Debug|Any CPU.Build.0 = Debug|Any CPU
		{27FC4DEC-DDAB-451C-BBE3-3DEF20E72DF6}.Release|Any CPU.ActiveCfg = Release|Any CPU
		{27FC4DEC-DDAB-451C-BBE3-3DEF20E72DF6}.Release|Any CPU.Build.0 = Release|Any CPU
	EndGlobalSection
	GlobalSection(SolutionProperties) = preSolution
		HideSolutionNode = FALSE
	EndGlobalSection
	GlobalSection(ExtensibilityGlobals) = postSolution
		SolutionGuid = {349EF4EF-2F51-44E2-B02E-8BE7AAD55F03}
	EndGlobalSection
EndGlobal
