
Microsoft Visual Studio Solution File, Format Version 12.00
# Visual Studio Version 17
VisualStudioVersion = 17.2.32526.322
MinimumVisualStudioVersion = 10.0.40219.1
Project("{FAE04EC0-301F-11D3-BF4B-00C04F79EFBC}") = "AvancandoCSharp", "AvancandoCSharp\AvancandoCSharp.csproj", "{32276BF3-730D-472A-8520-16C381367E9A}"
EndProject
Global
	GlobalSection(SolutionConfigurationPlatforms) = preSolution
		Debug|Any CPU = Debug|Any CPU
		Release|Any CPU = Release|Any CPU
	EndGlobalSection
	GlobalSection(ProjectConfigurationPlatforms) = postSolution
		{32276BF3-730D-472A-8520-16C381367E9A}.Debug|Any CPU.ActiveCfg = Debug|Any CPU
		{32276BF3-730D-472A-8520-16C381367E9A}.Debug|Any CPU.Build.0 = Debug|Any CPU
		{32276BF3-730D-472A-8520-16C381367E9A}.Release|Any CPU.ActiveCfg = Release|Any CPU
		{32276BF3-730D-472A-8520-16C381367E9A}.Release|Any CPU.Build.0 = Release|Any CPU
	EndGlobalSection
	GlobalSection(SolutionProperties) = preSolution
		HideSolutionNode = FALSE
	EndGlobalSection
	GlobalSection(ExtensibilityGlobals) = postSolution
		SolutionGuid = {8B39C664-B52D-4D9B-A652-D03FF3D0CFAD}
	EndGlobalSection
EndGlobal
